<?xml version="1.0" encoding="utf-8"?>
<!--
  ============================================================================
    .vcxproj.filters
      Visual Studio の「ソリューション エクスプローラー」上での
      フォルダ表示（仮想フォルダ）を定義するファイル。
      実際のディスク上のフォルダ構成とは独立していますが、
      本プロジェクトでは分かりやすさのため一致させています。
      ビルド結果には一切影響しません。
  ============================================================================
-->
<Project ToolsVersion="4.0" xmlns="http://schemas.microsoft.com/developer/msbuild/2003">
  <ItemGroup>
    <Filter Include="src">
      <UniqueIdentifier>{a1000000-0000-4000-8000-000000000001}</UniqueIdentifier>
    </Filter>
    <Filter Include="src\Assets">
      <UniqueIdentifier>{a55e7c10-4d21-4a3e-9b7f-6c2f8d1e4b90}</UniqueIdentifier>
    </Filter>
    <Filter Include="src\App">
      <UniqueIdentifier>{a1000000-0000-4000-8000-000000000002}</UniqueIdentifier>
    </Filter>
    <Filter Include="src\Common">
      <UniqueIdentifier>{a1000000-0000-4000-8000-000000000003}</UniqueIdentifier>
    </Filter>
    <Filter Include="src\Graphics">
      <UniqueIdentifier>{a1000000-0000-4000-8000-000000000004}</UniqueIdentifier>
    </Filter>
    <Filter Include="shaders">
      <UniqueIdentifier>{a1000000-0000-4000-8000-000000000005}</UniqueIdentifier>
    </Filter>
  </ItemGroup>

  <ItemGroup>
    <ClCompile Include="src\main.cpp">
      <Filter>src</Filter>
    </ClCompile>
    <ClCompile Include="src\App\Input.cpp">
      <Filter>src\App</Filter>
    </ClCompile>
    <ClCompile Include="src\App\CameraController.cpp">
      <Filter>src\App</Filter>
    </ClCompile>
    <ClCompile Include="src\Assets\GltfLoader.cpp">
      <Filter>src\Assets</Filter>
    </ClCompile>
    <ClCompile Include="src\Assets\EnvironmentPrefilter.cpp">
      <Filter>src\Assets</Filter>
    </ClCompile>
    <ClCompile Include="src\Assets\ImageLoader.cpp">
      <Filter>src\Assets</Filter>
    </ClCompile>
    <ClCompile Include="src\Assets\Json.cpp">
      <Filter>src\Assets</Filter>
    </ClCompile>
    <ClCompile Include="src\Assets\MipGenerator.cpp">
      <Filter>src\Assets</Filter>
    </ClCompile>
    <ClCompile Include="src\Assets\ModelLoader.cpp">
      <Filter>src\Assets</Filter>
    </ClCompile>
    <ClCompile Include="src\Assets\ObjLoader.cpp">
      <Filter>src\Assets</Filter>
    </ClCompile>
    <ClCompile Include="src\App\Camera.cpp">
      <Filter>src\App</Filter>
    </ClCompile>
    <ClCompile Include="src\App\Window.cpp">
      <Filter>src\App</Filter>
    </ClCompile>
    <ClCompile Include="src\Common\FrameTimer.cpp">
      <Filter>src\Common</Filter>
    </ClCompile>
    <ClCompile Include="src\Common\GraphicsCommon.cpp">
      <Filter>src\Common</Filter>
    </ClCompile>
    <ClCompile Include="src\Graphics\CommandQueue.cpp">
      <Filter>src\Graphics</Filter>
    </ClCompile>
    <ClCompile Include="src\Graphics\ConstantBuffer.cpp">
      <Filter>src\Graphics</Filter>
    </ClCompile>
    <ClCompile Include="src\Graphics\DepthBuffer.cpp">
      <Filter>src\Graphics</Filter>
    </ClCompile>
    <ClCompile Include="src\Graphics\DescriptorHeap.cpp">
      <Filter>src\Graphics</Filter>
    </ClCompile>
    <ClCompile Include="src\Graphics\Texture2D.cpp">
      <Filter>src\Graphics</Filter>
    </ClCompile>
    <ClCompile Include="src\Graphics\UploadHelper.cpp">
      <Filter>src\Graphics</Filter>
    </ClCompile>
    <ClCompile Include="src\Graphics\GraphicsDevice.cpp">
      <Filter>src\Graphics</Filter>
    </ClCompile>
    <ClCompile Include="src\Graphics\Renderer.cpp">
      <Filter>src\Graphics</Filter>
    </ClCompile>
    <ClCompile Include="src\Graphics\PostProcessPipeline.cpp">
      <Filter>src\Graphics</Filter>
    </ClCompile>
    <ClCompile Include="src\Graphics\RenderTexture.cpp">
      <Filter>src\Graphics</Filter>
    </ClCompile>
    <ClCompile Include="src\Graphics\ShaderCompiler.cpp">
      <Filter>src\Graphics</Filter>
    </ClCompile>
    <ClCompile Include="src\Graphics\SkyboxPipeline.cpp">
      <Filter>src\Graphics</Filter>
    </ClCompile>
    <ClCompile Include="src\Graphics\SwapChain.cpp">
      <Filter>src\Graphics</Filter>
    </ClCompile>
    <ClCompile Include="src\Graphics\Geometry.cpp">
      <Filter>src\Graphics</Filter>
    </ClCompile>
    <ClCompile Include="src\Graphics\Mesh.cpp">
      <Filter>src\Graphics</Filter>
    </ClCompile>
    <ClCompile Include="src\Graphics\ShaderLabPipeline.cpp">
      <Filter>src\Graphics</Filter>
    </ClCompile>
    <ClCompile Include="src\Graphics\ShadowMap.cpp">
      <Filter>src\Graphics</Filter>
    </ClCompile>
    <ClCompile Include="src\Graphics\MaterialSet.cpp">
      <Filter>src\Graphics</Filter>
    </ClCompile>
    <ClCompile Include="src\Graphics\MeshPipeline.cpp">
      <Filter>src\Graphics</Filter>
    </ClCompile>
  </ItemGroup>

  <ItemGroup>
    <ClInclude Include="src\App\Input.h">
      <Filter>src\App</Filter>
    </ClInclude>
    <ClInclude Include="src\App\CameraController.h">
      <Filter>src\App</Filter>
    </ClInclude>
    <ClInclude Include="src\Assets\GltfLoader.h">
      <Filter>src\Assets</Filter>
    </ClInclude>
    <ClInclude Include="src\Assets\EnvironmentPrefilter.h">
      <Filter>src\Assets</Filter>
    </ClInclude>
    <ClInclude Include="src\Assets\ImageLoader.h">
      <Filter>src\Assets</Filter>
    </ClInclude>
    <ClInclude Include="src\Assets\Json.h">
      <Filter>src\Assets</Filter>
    </ClInclude>
    <ClInclude Include="src\Assets\MipGenerator.h">
      <Filter>src\Assets</Filter>
    </ClInclude>
    <ClInclude Include="src\Assets\ModelLoader.h">
      <Filter>src\Assets</Filter>
    </ClInclude>
    <ClInclude Include="src\Assets\ObjLoader.h">
      <Filter>src\Assets</Filter>
    </ClInclude>
    <ClInclude Include="src\App\Camera.h">
      <Filter>src\App</Filter>
    </ClInclude>
    <ClInclude Include="src\App\Window.h">
      <Filter>src\App</Filter>
    </ClInclude>
    <ClInclude Include="src\Common\FrameTimer.h">
      <Filter>src\Common</Filter>
    </ClInclude>
    <ClInclude Include="src\Common\ComInitializer.h">
      <Filter>src\Common</Filter>
    </ClInclude>
    <ClInclude Include="src\Common\GraphicsCommon.h">
      <Filter>src\Common</Filter>
    </ClInclude>
    <ClInclude Include="src\Graphics\CommandQueue.h">
      <Filter>src\Graphics</Filter>
    </ClInclude>
    <ClInclude Include="src\Graphics\ConstantBuffer.h">
      <Filter>src\Graphics</Filter>
    </ClInclude>
    <ClInclude Include="src\Graphics\DepthBuffer.h">
      <Filter>src\Graphics</Filter>
    </ClInclude>
    <ClInclude Include="src\Graphics\DescriptorHeap.h">
      <Filter>src\Graphics</Filter>
    </ClInclude>
    <ClInclude Include="src\Graphics\Texture2D.h">
      <Filter>src\Graphics</Filter>
    </ClInclude>
    <ClInclude Include="src\Graphics\UploadHelper.h">
      <Filter>src\Graphics</Filter>
    </ClInclude>
    <ClInclude Include="src\Graphics\GraphicsDevice.h">
      <Filter>src\Graphics</Filter>
    </ClInclude>
    <ClInclude Include="src\Graphics\Renderer.h">
      <Filter>src\Graphics</Filter>
    </ClInclude>
    <ClInclude Include="src\Graphics\PostProcessPipeline.h">
      <Filter>src\Graphics</Filter>
    </ClInclude>
    <ClInclude Include="src\Graphics\RenderTexture.h">
      <Filter>src\Graphics</Filter>
    </ClInclude>
    <ClInclude Include="src\Graphics\ShaderCompiler.h">
      <Filter>src\Graphics</Filter>
    </ClInclude>
    <ClInclude Include="src\Graphics\SkyboxPipeline.h">
      <Filter>src\Graphics</Filter>
    </ClInclude>
    <ClInclude Include="src\Graphics\SwapChain.h">
      <Filter>src\Graphics</Filter>
    </ClInclude>
    <ClInclude Include="src\Graphics\Geometry.h">
      <Filter>src\Graphics</Filter>
    </ClInclude>
    <ClInclude Include="src\Graphics\Mesh.h">
      <Filter>src\Graphics</Filter>
    </ClInclude>
    <ClInclude Include="src\Graphics\ShaderLabPipeline.h">
      <Filter>src\Graphics</Filter>
    </ClInclude>
    <ClInclude Include="src\Graphics\ShadowMap.h">
      <Filter>src\Graphics</Filter>
    </ClInclude>
    <ClInclude Include="src\Graphics\MaterialSet.h">
      <Filter>src\Graphics</Filter>
    </ClInclude>
    <ClInclude Include="src\Graphics\MeshPipeline.h">
      <Filter>src\Graphics</Filter>
    </ClInclude>
  </ItemGroup>

  <ItemGroup>
    <None Include="shaders\Mesh.hlsl">
      <Filter>shaders</Filter>
    </None>
  </ItemGroup>
</Project>
